
Microsoft Visual Studio Solution File, Format Version 11.00
# Visual Studio 2010
Project("{FAE04EC0-301F-11D3-BF4B-00C04F79EFBC}") = "USB_Formatting", "USB_Formatting\USB_Formatting.csproj", "{067A0641-C919-4458-931E-A3720FC1A996}"
EndProject
Global
	GlobalSection(SolutionConfigurationPlatforms) = preSolution
		Debug|x86 = Debug|x86
		Release|x86 = Release|x86
	EndGlobalSection
	GlobalSection(ProjectConfigurationPlatforms) = postSolution
		{067A0641-C919-4458-931E-A3720FC1A996}.Debug|x86.ActiveCfg = Debug|x86
		{067A0641-C919-4458-931E-A3720FC1A996}.Debug|x86.Build.0 = Debug|x86
		{067A0641-C919-4458-931E-A3720FC1A996}.Release|x86.ActiveCfg = Release|x86
		{067A0641-C919-4458-931E-A3720FC1A996}.Release|x86.Build.0 = Release|x86
	EndGlobalSection
	GlobalSection(SolutionProperties) = preSolution
		HideSolutionNode = FALSE
	EndGlobalSection
EndGlobal
